
Microsoft Visual Studio Solution File, Format Version 12.00
# Visual Studio Version 16
VisualStudioVersion = 16.0.28803.202
MinimumVisualStudioVersion = 10.0.40219.1
Project("{FAE04EC0-301F-11D3-BF4B-00C04F79EFBC}") = "RazorPagesMovie", "RazorPagesMovie\RazorPagesMovie.csproj", "{2C2572FC-509C-4F46-A715-EF1F385A115A}"
EndProject
Global
	GlobalSection(SolutionConfigurationPlatforms) = preSolution
		Debug|Any CPU = Debug|Any CPU
		Release|Any CPU = Release|Any CPU
	EndGlobalSection
	GlobalSection(ProjectConfigurationPlatforms) = postSolution
		{2C2572FC-509C-4F46-A715-EF1F385A115A}.Debug|Any CPU.ActiveCfg = Debug|Any CPU
		{2C2572FC-509C-4F46-A715-EF1F385A115A}.Debug|Any CPU.Build.0 = Debug|Any CPU
		{2C2572FC-509C-4F46-A715-EF1F385A115A}.Release|Any CPU.ActiveCfg = Release|Any CPU
		{2C2572FC-509C-4F46-A715-EF1F385A115A}.Release|Any CPU.Build.0 = Release|Any CPU
	EndGlobalSection
	GlobalSection(SolutionProperties) = preSolution
		HideSolutionNode = FALSE
	EndGlobalSection
	GlobalSection(ExtensibilityGlobals) = postSolution
		SolutionGuid = {5F9A8134-1D26-4FC6-A05B-3360A6588E6B}
	EndGlobalSection
EndGlobal
