
Microsoft Visual Studio Solution File, Format Version 12.00
# Visual Studio Version 16
VisualStudioVersion = 16.0.28803.202
MinimumVisualStudioVersion = 10.0.40219.1
Project("{FAE04EC0-301F-11D3-BF4B-00C04F79EFBC}") = "MvcMovie", "MvcMovie\MvcMovie.csproj", "{964032F6-BABF-4F39-A109-45CD24283337}"
EndProject
Global
	GlobalSection(SolutionConfigurationPlatforms) = preSolution
		Debug|Any CPU = Debug|Any CPU
		Release|Any CPU = Release|Any CPU
	EndGlobalSection
	GlobalSection(ProjectConfigurationPlatforms) = postSolution
		{964032F6-BABF-4F39-A109-45CD24283337}.Debug|Any CPU.ActiveCfg = Debug|Any CPU
		{964032F6-BABF-4F39-A109-45CD24283337}.Debug|Any CPU.Build.0 = Debug|Any CPU
		{964032F6-BABF-4F39-A109-45CD24283337}.Release|Any CPU.ActiveCfg = Release|Any CPU
		{964032F6-BABF-4F39-A109-45CD24283337}.Release|Any CPU.Build.0 = Release|Any CPU
	EndGlobalSection
	GlobalSection(SolutionProperties) = preSolution
		HideSolutionNode = FALSE
	EndGlobalSection
	GlobalSection(ExtensibilityGlobals) = postSolution
		SolutionGuid = {59D82FAC-6A0F-4EEA-B3F8-CD26F6FDF71B}
	EndGlobalSection
EndGlobal
