
Microsoft Visual Studio Solution File, Format Version 12.00
# Visual Studio Version 16
VisualStudioVersion = 16.0.28803.202
MinimumVisualStudioVersion = 10.0.40219.1
Project("{FAE04EC0-301F-11D3-BF4B-00C04F79EFBC}") = "ConsoleApplication", "ConsoleApplication\ConsoleApplication.csproj", "{4BBF7EEC-B403-4F81-8172-030A6AE2889E}"
EndProject
Global
	GlobalSection(SolutionConfigurationPlatforms) = preSolution
		Debug|Any CPU = Debug|Any CPU
		Release|Any CPU = Release|Any CPU
	EndGlobalSection
	GlobalSection(ProjectConfigurationPlatforms) = postSolution
		{4BBF7EEC-B403-4F81-8172-030A6AE2889E}.Debug|Any CPU.ActiveCfg = Debug|Any CPU
		{4BBF7EEC-B403-4F81-8172-030A6AE2889E}.Debug|Any CPU.Build.0 = Debug|Any CPU
		{4BBF7EEC-B403-4F81-8172-030A6AE2889E}.Release|Any CPU.ActiveCfg = Release|Any CPU
		{4BBF7EEC-B403-4F81-8172-030A6AE2889E}.Release|Any CPU.Build.0 = Release|Any CPU
	EndGlobalSection
	GlobalSection(SolutionProperties) = preSolution
		HideSolutionNode = FALSE
	EndGlobalSection
	GlobalSection(ExtensibilityGlobals) = postSolution
		SolutionGuid = {D3D59F69-8FDA-41FC-A8AB-4C075C5F3644}
	EndGlobalSection
EndGlobal
