
Microsoft Visual Studio Solution File, Format Version 12.00
# Visual Studio Version 16
VisualStudioVersion = 16.0.28803.202
MinimumVisualStudioVersion = 10.0.40219.1
Project("{FAE04EC0-301F-11D3-BF4B-00C04F79EFBC}") = "ScriptureJournal", "ScriptureJournal\ScriptureJournal.csproj", "{EB9D32BF-E99F-47BB-9C6D-8EB0F9CD4B43}"
EndProject
Global
	GlobalSection(SolutionConfigurationPlatforms) = preSolution
		Debug|Any CPU = Debug|Any CPU
		Release|Any CPU = Release|Any CPU
	EndGlobalSection
	GlobalSection(ProjectConfigurationPlatforms) = postSolution
		{EB9D32BF-E99F-47BB-9C6D-8EB0F9CD4B43}.Debug|Any CPU.ActiveCfg = Debug|Any CPU
		{EB9D32BF-E99F-47BB-9C6D-8EB0F9CD4B43}.Debug|Any CPU.Build.0 = Debug|Any CPU
		{EB9D32BF-E99F-47BB-9C6D-8EB0F9CD4B43}.Release|Any CPU.ActiveCfg = Release|Any CPU
		{EB9D32BF-E99F-47BB-9C6D-8EB0F9CD4B43}.Release|Any CPU.Build.0 = Release|Any CPU
	EndGlobalSection
	GlobalSection(SolutionProperties) = preSolution
		HideSolutionNode = FALSE
	EndGlobalSection
	GlobalSection(ExtensibilityGlobals) = postSolution
		SolutionGuid = {FC681558-DD5E-4413-9793-15E5A770A35A}
	EndGlobalSection
EndGlobal
