
Microsoft Visual Studio Solution File, Format Version 12.00
# Visual Studio Version 16
VisualStudioVersion = 16.0.28803.202
MinimumVisualStudioVersion = 10.0.40219.1
Project("{FAE04EC0-301F-11D3-BF4B-00C04F79EFBC}") = "ContosoUniversity", "ContosoUniversity\ContosoUniversity.csproj", "{0C6FC2A0-0B8C-4D93-81C2-3404ACE46E56}"
EndProject
Global
	GlobalSection(SolutionConfigurationPlatforms) = preSolution
		Debug|Any CPU = Debug|Any CPU
		Release|Any CPU = Release|Any CPU
	EndGlobalSection
	GlobalSection(ProjectConfigurationPlatforms) = postSolution
		{0C6FC2A0-0B8C-4D93-81C2-3404ACE46E56}.Debug|Any CPU.ActiveCfg = Debug|Any CPU
		{0C6FC2A0-0B8C-4D93-81C2-3404ACE46E56}.Debug|Any CPU.Build.0 = Debug|Any CPU
		{0C6FC2A0-0B8C-4D93-81C2-3404ACE46E56}.Release|Any CPU.ActiveCfg = Release|Any CPU
		{0C6FC2A0-0B8C-4D93-81C2-3404ACE46E56}.Release|Any CPU.Build.0 = Release|Any CPU
	EndGlobalSection
	GlobalSection(SolutionProperties) = preSolution
		HideSolutionNode = FALSE
	EndGlobalSection
	GlobalSection(ExtensibilityGlobals) = postSolution
		SolutionGuid = {B68AD85B-4959-4DC3-A64C-FC83B6514BA4}
	EndGlobalSection
EndGlobal
